
Microsoft Visual Studio Solution File, Format Version 12.00
# Blend for Visual Studio 15
VisualStudioVersion = 15.0.28307.1145
MinimumVisualStudioVersion = 10.0.40219.1
Project("{FAE04EC0-301F-11D3-BF4B-00C04F79EFBC}") = "LoginDown", "LoginDown\LoginDown.csproj", "{F76DECE7-A125-46C5-B153-7A315877C506}"
EndProject
Global
	GlobalSection(SolutionConfigurationPlatforms) = preSolution
		Debug|Any CPU = Debug|Any CPU
		Release|Any CPU = Release|Any CPU
	EndGlobalSection
	GlobalSection(ProjectConfigurationPlatforms) = postSolution
		{F76DECE7-A125-46C5-B153-7A315877C506}.Debug|Any CPU.ActiveCfg = Debug|Any CPU
		{F76DECE7-A125-46C5-B153-7A315877C506}.Debug|Any CPU.Build.0 = Debug|Any CPU
		{F76DECE7-A125-46C5-B153-7A315877C506}.Release|Any CPU.ActiveCfg = Release|Any CPU
		{F76DECE7-A125-46C5-B153-7A315877C506}.Release|Any CPU.Build.0 = Release|Any CPU
	EndGlobalSection
	GlobalSection(SolutionProperties) = preSolution
		HideSolutionNode = FALSE
	EndGlobalSection
	GlobalSection(ExtensibilityGlobals) = postSolution
		SolutionGuid = {DC330DDB-49EB-49FA-9511-7851E50F11FC}
	EndGlobalSection
EndGlobal
